PODS:
  - TorchKit (0.4.1)

DEPENDENCIES:
  - "TorchKit (from `{:http=>\"https://artifacts.torch.dev/torchkit/TorchKit_0_4_1.zip\"}`)"

EXTERNAL SOURCES:
  TorchKit:
    :http: https://artifacts.torch.dev/torchkit/TorchKit_0_4_1.zip

CHECKOUT OPTIONS:
  TorchKit:
    :http: https://artifacts.torch.dev/torchkit/TorchKit_0_4_1.zip

SPEC CHECKSUMS:
  TorchKit: 3ab7cf8a74680016e9202d4608f57b0dc7978d77

PODFILE CHECKSUM: 94851023f65a2044867239485ab793635149d408

COCOAPODS: 1.8.4
