PODS:
  - TorchKit (0.3.0)

DEPENDENCIES:
  - "TorchKit (from `{:http=>\"https://artifacts.torch.dev/torchkit/TorchKit_0_3_0.zip\"}`)"

EXTERNAL SOURCES:
  TorchKit:
    :http: https://artifacts.torch.dev/torchkit/TorchKit_0_3_0.zip

CHECKOUT OPTIONS:
  TorchKit:
    :http: https://artifacts.torch.dev/torchkit/TorchKit_0_3_0.zip

SPEC CHECKSUMS:
  TorchKit: 26a95799c0e5d898593c5562d22e9e635861eba5

PODFILE CHECKSUM: b4baa5e5b58c9739de0ac4ffa3b4e868e77ce78d

COCOAPODS: 1.8.0
