PODS:
  - TorchKit (0.3.1)

DEPENDENCIES:
  - "TorchKit (from `{:http=>\"https://artifacts.torch.dev/torchkit/TorchKit_0_3_1.zip\"}`)"

EXTERNAL SOURCES:
  TorchKit:
    :http: https://artifacts.torch.dev/torchkit/TorchKit_0_3_1.zip

CHECKOUT OPTIONS:
  TorchKit:
    :http: https://artifacts.torch.dev/torchkit/TorchKit_0_3_1.zip

SPEC CHECKSUMS:
  TorchKit: 1b1165ba9a5d8c919191d429a114457dc20a83f4

PODFILE CHECKSUM: 6416fc51cd785e3429ee97fdd0d80fdd9fd8ae1c

COCOAPODS: 1.7.5
